// !$*UTF8*$!
{
	archiveVersion = 1;
	classes = {
	};
	objectVersion = 51;
	objects = {

/* Begin PBXBuildFile section */
		0674CB1F237FD7890001AD24 /* AppDelegate.swift in Sources */ = {isa = PBXBuildFile; fileRef = 0674CB1E237FD7890001AD24 /* AppDelegate.swift */; };
		0674CB21237FD7890001AD24 /* SceneDelegate.swift in Sources */ = {isa = PBXBuildFile; fileRef = 0674CB20237FD7890001AD24 /* SceneDelegate.swift */; };
		0674CB23237FD7890001AD24 /* ViewController.swift in Sources */ = {isa = PBXBuildFile; fileRef = 0674CB22237FD7890001AD24 /* ViewController.swift */; };
		0674CB26237FD7890001AD24 /* Main.storyboard in Resources */ = {isa = PBXBuildFile; fileRef = 0674CB24237FD7890001AD24 /* Main.storyboard */; };
		0674CB28237FD78C0001AD24 /* Assets.xcassets in Resources */ = {isa = PBXBuildFile; fileRef = 0674CB27237FD78C0001AD24 /* Assets.xcassets */; };
		0674CB2B237FD78C0001AD24 /* LaunchScreen.storyboard in Resources */ = {isa = PBXBuildFile; fileRef = 0674CB29237FD78C0001AD24 /* LaunchScreen.storyboard */; };
		06B534872382DA910057FC09 /* NoticeMainViewController.swift in Sources */ = {isa = PBXBuildFile; fileRef = 06B534862382DA910057FC09 /* NoticeMainViewController.swift */; };
		06B5348A23835AB50057FC09 /* UIColor+Extension.swift in Sources */ = {isa = PBXBuildFile; fileRef = 06B5348923835AB50057FC09 /* UIColor+Extension.swift */; };
		06B5348C238360B60057FC09 /* NoticeFirstViewController.swift in Sources */ = {isa = PBXBuildFile; fileRef = 06B5348B238360B60057FC09 /* NoticeFirstViewController.swift */; };
		DF5D6C624AAFC3D4547C2596 /* Pods_SOPT_5th.framework in Frameworks */ = {isa = PBXBuildFile; fileRef = 23AA0F6DD11991503EA64FA3 /* Pods_SOPT_5th.framework */; };
/* End PBXBuildFile section */

/* Begin PBXFileReference section */
		0674CB1B237FD7890001AD24 /* SOPT_5th.app */ = {isa = PBXFileReference; explicitFileType = wrapper.application; includeInIndex = 0; path = SOPT_5th.app; sourceTree = BUILT_PRODUCTS_DIR; };
		0674CB1E237FD7890001AD24 /* AppDelegate.swift */ = {isa = PBXFileReference; lastKnownFileType = sourcecode.swift; path = AppDelegate.swift; sourceTree = "<group>"; };
		0674CB20237FD7890001AD24 /* SceneDelegate.swift */ = {isa = PBXFileReference; lastKnownFileType = sourcecode.swift; path = SceneDelegate.swift; sourceTree = "<group>"; };
		0674CB22237FD7890001AD24 /* ViewController.swift */ = {isa = PBXFileReference; lastKnownFileType = sourcecode.swift; path = ViewController.swift; sourceTree = "<group>"; };
		0674CB25237FD7890001AD24 /* Base */ = {isa = PBXFileReference; lastKnownFileType = file.storyboard; name = Base; path = Base.lproj/Main.storyboard; sourceTree = "<group>"; };
		0674CB27237FD78C0001AD24 /* Assets.xcassets */ = {isa = PBXFileReference; lastKnownFileType = folder.assetcatalog; path = Assets.xcassets; sourceTree = "<group>"; };
		0674CB2A237FD78C0001AD24 /* Base */ = {isa = PBXFileReference; lastKnownFileType = file.storyboard; name = Base; path = Base.lproj/LaunchScreen.storyboard; sourceTree = "<group>"; };
		0674CB2C237FD78C0001AD24 /* Info.plist */ = {isa = PBXFileReference; lastKnownFileType = text.plist.xml; path = Info.plist; sourceTree = "<group>"; };
		06B534862382DA910057FC09 /* NoticeMainViewController.swift */ = {isa = PBXFileReference; lastKnownFileType = sourcecode.swift; path = NoticeMainViewController.swift; sourceTree = "<group>"; };
		06B5348923835AB50057FC09 /* UIColor+Extension.swift */ = {isa = PBXFileReference; lastKnownFileType = sourcecode.swift; path = "UIColor+Extension.swift"; sourceTree = "<group>"; };
		06B5348B238360B60057FC09 /* NoticeFirstViewController.swift */ = {isa = PBXFileReference; lastKnownFileType = sourcecode.swift; path = NoticeFirstViewController.swift; sourceTree = "<group>"; };
		23AA0F6DD11991503EA64FA3 /* Pods_SOPT_5th.framework */ = {isa = PBXFileReference; explicitFileType = wrapper.framework; includeInIndex = 0; path = Pods_SOPT_5th.framework; sourceTree = BUILT_PRODUCTS_DIR; };
		900D153054421555280BEB37 /* Pods-SOPT_5th.debug.xcconfig */ = {isa = PBXFileReference; includeInIndex = 1; lastKnownFileType = text.xcconfig; name = "Pods-SOPT_5th.debug.xcconfig"; path = "Target Support Files/Pods-SOPT_5th/Pods-SOPT_5th.debug.xcconfig"; sourceTree = "<group>"; };
		D7481BF38FEDB8D107B0AE82 /* Pods-SOPT_5th.release.xcconfig */ = {isa = PBXFileReference; includeInIndex = 1; lastKnownFileType = text.xcconfig; name = "Pods-SOPT_5th.release.xcconfig"; path = "Target Support Files/Pods-SOPT_5th/Pods-SOPT_5th.release.xcconfig"; sourceTree = "<group>"; };
/* End PBXFileReference section */

/* Begin PBXFrameworksBuildPhase section */
		0674CB18237FD7890001AD24 /* Frameworks */ = {
			isa = PBXFrameworksBuildPhase;
			buildActionMask = 2147483647;
			files = (
				DF5D6C624AAFC3D4547C2596 /* Pods_SOPT_5th.framework in Frameworks */,
			);
			runOnlyForDeploymentPostprocessing = 0;
		};
/* End PBXFrameworksBuildPhase section */

/* Begin PBXGroup section */
		0674CB12237FD7890001AD24 = {
			isa = PBXGroup;
			children = (
				0674CB1D237FD7890001AD24 /* SOPT_5th */,
				0674CB1C237FD7890001AD24 /* Products */,
				10EC8FFA5B4F541D6BA70FE2 /* Pods */,
				59B5A530A5B7A59F5B706EEF /* Frameworks */,
			);
			sourceTree = "<group>";
		};
		0674CB1C237FD7890001AD24 /* Products */ = {
			isa = PBXGroup;
			children = (
				0674CB1B237FD7890001AD24 /* SOPT_5th.app */,
			);
			name = Products;
			sourceTree = "<group>";
		};
		0674CB1D237FD7890001AD24 /* SOPT_5th */ = {
			isa = PBXGroup;
			children = (
				0674CB33237FD7FD0001AD24 /* Resources */,
				0674CB32237FD79D0001AD24 /* Sources */,
				0674CB2C237FD78C0001AD24 /* Info.plist */,
			);
			path = SOPT_5th;
			sourceTree = "<group>";
		};
		0674CB32237FD79D0001AD24 /* Sources */ = {
			isa = PBXGroup;
			children = (
				06B5348823835A9C0057FC09 /* Extension */,
				0674CB35237FE2A60001AD24 /* Model */,
				0674CB34237FD8370001AD24 /* ViewController */,
				0674CB1E237FD7890001AD24 /* AppDelegate.swift */,
				0674CB20237FD7890001AD24 /* SceneDelegate.swift */,
			);
			path = Sources;
			sourceTree = "<group>";
		};
		0674CB33237FD7FD0001AD24 /* Resources */ = {
			isa = PBXGroup;
			children = (
				0674CB24237FD7890001AD24 /* Main.storyboard */,
				0674CB27237FD78C0001AD24 /* Assets.xcassets */,
				0674CB29237FD78C0001AD24 /* LaunchScreen.storyboard */,
			);
			path = Resources;
			sourceTree = "<group>";
		};
		0674CB34237FD8370001AD24 /* ViewController */ = {
			isa = PBXGroup;
			children = (
				0674CB22237FD7890001AD24 /* ViewController.swift */,
				06B534862382DA910057FC09 /* NoticeMainViewController.swift */,
				06B5348B238360B60057FC09 /* NoticeFirstViewController.swift */,
			);
			path = ViewController;
			sourceTree = "<group>";
		};
		0674CB35237FE2A60001AD24 /* Model */ = {
			isa = PBXGroup;
			children = (
			);
			path = Model;
			sourceTree = "<group>";
		};
		06B5348823835A9C0057FC09 /* Extension */ = {
			isa = PBXGroup;
			children = (
				06B5348923835AB50057FC09 /* UIColor+Extension.swift */,
			);
			path = Extension;
			sourceTree = "<group>";
		};
		10EC8FFA5B4F541D6BA70FE2 /* Pods */ = {
			isa = PBXGroup;
			children = (
				900D153054421555280BEB37 /* Pods-SOPT_5th.debug.xcconfig */,
				D7481BF38FEDB8D107B0AE82 /* Pods-SOPT_5th.release.xcconfig */,
			);
			path = Pods;
			sourceTree = "<group>";
		};
		59B5A530A5B7A59F5B706EEF /* Frameworks */ = {
			isa = PBXGroup;
			children = (
				23AA0F6DD11991503EA64FA3 /* Pods_SOPT_5th.framework */,
			);
			name = Frameworks;
			sourceTree = "<group>";
		};
/* End PBXGroup section */

/* Begin PBXNativeTarget section */
		0674CB1A237FD7890001AD24 /* SOPT_5th */ = {
			isa = PBXNativeTarget;
			buildConfigurationList = 0674CB2F237FD78C0001AD24 /* Build configuration list for PBXNativeTarget "SOPT_5th" */;
			buildPhases = (
				F419CC4C959B771742569953 /* [CP] Check Pods Manifest.lock */,
				0674CB17237FD7890001AD24 /* Sources */,
				0674CB18237FD7890001AD24 /* Frameworks */,
				0674CB19237FD7890001AD24 /* Resources */,
				E4ACCD7825A1F83FF40B926B /* [CP] Embed Pods Frameworks */,
			);
			buildRules = (
			);
			dependencies = (
			);
			name = SOPT_5th;
			productName = SOPT_5th;
			productReference = 0674CB1B237FD7890001AD24 /* SOPT_5th.app */;
			productType = "com.apple.product-type.application";
		};
/* End PBXNativeTarget section */

/* Begin PBXProject section */
		0674CB13237FD7890001AD24 /* Project object */ = {
			isa = PBXProject;
			attributes = {
				LastSwiftUpdateCheck = 1100;
				LastUpgradeCheck = 1100;
				ORGANIZATIONNAME = ns;
				TargetAttributes = {
					0674CB1A237FD7890001AD24 = {
						CreatedOnToolsVersion = 11.0;
					};
				};
			};
			buildConfigurationList = 0674CB16237FD7890001AD24 /* Build configuration list for PBXProject "SOPT_5th" */;
			compatibilityVersion = "Xcode 9.3";
			developmentRegion = en;
			hasScannedForEncodings = 0;
			knownRegions = (
				en,
				Base,
			);
			mainGroup = 0674CB12237FD7890001AD24;
			productRefGroup = 0674CB1C237FD7890001AD24 /* Products */;
			projectDirPath = "";
			projectRoot = "";
			targets = (
				0674CB1A237FD7890001AD24 /* SOPT_5th */,
			);
		};
/* End PBXProject section */

/* Begin PBXResourcesBuildPhase section */
		0674CB19237FD7890001AD24 /* Resources */ = {
			isa = PBXResourcesBuildPhase;
			buildActionMask = 2147483647;
			files = (
				0674CB2B237FD78C0001AD24 /* LaunchScreen.storyboard in Resources */,
				0674CB28237FD78C0001AD24 /* Assets.xcassets in Resources */,
				0674CB26237FD7890001AD24 /* Main.storyboard in Resources */,
			);
			runOnlyForDeploymentPostprocessing = 0;
		};
/* End PBXResourcesBuildPhase section */

/* Begin PBXShellScriptBuildPhase section */
		E4ACCD7825A1F83FF40B926B /* [CP] Embed Pods Frameworks */ = {
			isa = PBXShellScriptBuildPhase;
			buildActionMask = 2147483647;
			files = (
			);
			inputFileListPaths = (
				"${PODS_ROOT}/Target Support Files/Pods-SOPT_5th/Pods-SOPT_5th-frameworks-${CONFIGURATION}-input-files.xcfilelist",
			);
			name = "[CP] Embed Pods Frameworks";
			outputFileListPaths = (
				"${PODS_ROOT}/Target Support Files/Pods-SOPT_5th/Pods-SOPT_5th-frameworks-${CONFIGURATION}-output-files.xcfilelist",
			);
			runOnlyForDeploymentPostprocessing = 0;
			shellPath = /bin/sh;
			shellScript = "\"${PODS_ROOT}/Target Support Files/Pods-SOPT_5th/Pods-SOPT_5th-frameworks.sh\"\n";
			showEnvVarsInLog = 0;
		};
		F419CC4C959B771742569953 /* [CP] Check Pods Manifest.lock */ = {
			isa = PBXShellScriptBuildPhase;
			buildActionMask = 2147483647;
			files = (
			);
			inputFileListPaths = (
			);
			inputPaths = (
				"${PODS_PODFILE_DIR_PATH}/Podfile.lock",
				"${PODS_ROOT}/Manifest.lock",
			);
			name = "[CP] Check Pods Manifest.lock";
			outputFileListPaths = (
			);
			outputPaths = (
				"$(DERIVED_FILE_DIR)/Pods-SOPT_5th-checkManifestLockResult.txt",
			);
			runOnlyForDeploymentPostprocessing = 0;
			shellPath = /bin/sh;
			shellScript = "diff \"${PODS_PODFILE_DIR_PATH}/Podfile.lock\" \"${PODS_ROOT}/Manifest.lock\" > /dev/null\nif [ $? != 0 ] ; then\n    # print error to STDERR\n    echo \"error: The sandbox is not in sync with the Podfile.lock. Run 'pod install' or update your CocoaPods installation.\" >&2\n    exit 1\nfi\n# This output is used by Xcode 'outputs' to avoid re-running this script phase.\necho \"SUCCESS\" > \"${SCRIPT_OUTPUT_FILE_0}\"\n";
			showEnvVarsInLog = 0;
		};
/* End PBXShellScriptBuildPhase section */

/* Begin PBXSourcesBuildPhase section */
		0674CB17237FD7890001AD24 /* Sources */ = {
			isa = PBXSourcesBuildPhase;
			buildActionMask = 2147483647;
			files = (
				0674CB23237FD7890001AD24 /* ViewController.swift in Sources */,
				06B5348C238360B60057FC09 /* NoticeFirstViewController.swift in Sources */,
				0674CB1F237FD7890001AD24 /* AppDelegate.swift in Sources */,
				0674CB21237FD7890001AD24 /* SceneDelegate.swift in Sources */,
				06B534872382DA910057FC09 /* NoticeMainViewController.swift in Sources */,
				06B5348A23835AB50057FC09 /* UIColor+Extension.swift in Sources */,
			);
			runOnlyForDeploymentPostprocessing = 0;
		};
/* End PBXSourcesBuildPhase section */

/* Begin PBXVariantGroup section */
		0674CB24237FD7890001AD24 /* Main.storyboard */ = {
			isa = PBXVariantGroup;
			children = (
				0674CB25237FD7890001AD24 /* Base */,
			);
			name = Main.storyboard;
			sourceTree = "<group>";
		};
		0674CB29237FD78C0001AD24 /* LaunchScreen.storyboard */ = {
			isa = PBXVariantGroup;
			children = (
				0674CB2A237FD78C0001AD24 /* Base */,
			);
			name = LaunchScreen.storyboard;
			sourceTree = "<group>";
		};
/* End PBXVariantGroup section */

/* Begin XCBuildConfiguration section */
		0674CB2D237FD78C0001AD24 /* Debug */ = {
			isa = XCBuildConfiguration;
			buildSettings = {
				ALWAYS_SEARCH_USER_PATHS = NO;
				CLANG_ANALYZER_NONNULL = YES;
				CLANG_ANALYZER_NUMBER_OBJECT_CONVERSION = YES_AGGRESSIVE;
				CLANG_CXX_LANGUAGE_STANDARD = "gnu++14";
				CLANG_CXX_LIBRARY = "libc++";
				CLANG_ENABLE_MODULES = YES;
				CLANG_ENABLE_OBJC_ARC = YES;
				CLANG_ENABLE_OBJC_WEAK = YES;
				CLANG_WARN_BLOCK_CAPTURE_AUTORELEASING = YES;
				CLANG_WARN_BOOL_CONVERSION = YES;
				CLANG_WARN_COMMA = YES;
				CLANG_WARN_CONSTANT_CONVERSION = YES;
				CLANG_WARN_DEPRECATED_OBJC_IMPLEMENTATIONS = YES;
				CLANG_WARN_DIRECT_OBJC_ISA_USAGE = YES_ERROR;
				CLANG_WARN_DOCUMENTATION_COMMENTS = YES;
				CLANG_WARN_EMPTY_BODY = YES;
				CLANG_WARN_ENUM_CONVERSION = YES;
				CLANG_WARN_INFINITE_RECURSION = YES;
				CLANG_WARN_INT_CONVERSION = YES;
				CLANG_WARN_NON_LITERAL_NULL_CONVERSION = YES;
				CLANG_WARN_OBJC_IMPLICIT_RETAIN_SELF = YES;
				CLANG_WARN_OBJC_LITERAL_CONVERSION = YES;
				CLANG_WARN_OBJC_ROOT_CLASS = YES_ERROR;
				CLANG_WARN_RANGE_LOOP_ANALYSIS = YES;
				CLANG_WARN_STRICT_PROTOTYPES = YES;
				CLANG_WARN_SUSPICIOUS_MOVE = YES;
				CLANG_WARN_UNGUARDED_AVAILABILITY = YES_AGGRESSIVE;
				CLANG_WARN_UNREACHABLE_CODE = YES;
				CLANG_WARN__DUPLICATE_METHOD_MATCH = YES;
				COPY_PHASE_STRIP = NO;
				DEBUG_INFORMATION_FORMAT = dwarf;
				ENABLE_STRICT_OBJC_MSGSEND = YES;
				ENABLE_TESTABILITY = YES;
				GCC_C_LANGUAGE_STANDARD = gnu11;
				GCC_DYNAMIC_NO_PIC = NO;
				GCC_NO_COMMON_BLOCKS = YES;
				GCC_OPTIMIZATION_LEVEL = 0;
				GCC_PREPROCESSOR_DEFINITIONS = (
					"DEBUG=1",
					"$(inherited)",
				);
				GCC_WARN_64_TO_32_BIT_CONVERSION = YES;
				GCC_WARN_ABOUT_RETURN_TYPE = YES_ERROR;
				GCC_WARN_UNDECLARED_SELECTOR = YES;
				GCC_WARN_UNINITIALIZED_AUTOS = YES_AGGRESSIVE;
				GCC_WARN_UNUSED_FUNCTION = YES;
				GCC_WARN_UNUSED_VARIABLE = YES;
				IPHONEOS_DEPLOYMENT_TARGET = 13.0;
				MTL_ENABLE_DEBUG_INFO = INCLUDE_SOURCE;
				MTL_FAST_MATH = YES;
				ONLY_ACTIVE_ARCH = YES;
				SDKROOT = iphoneos;
				SWIFT_ACTIVE_COMPILATION_CONDITIONS = DEBUG;
				SWIFT_OPTIMIZATION_LEVEL = "-Onone";
			};
			name = Debug;
		};
		0674CB2E237FD78C0001AD24 /* Release */ = {
			isa = XCBuildConfiguration;
			buildSettings = {
				ALWAYS_SEARCH_USER_PATHS = NO;
				CLANG_ANALYZER_NONNULL = YES;
				CLANG_ANALYZER_NUMBER_OBJECT_CONVERSION = YES_AGGRESSIVE;
				CLANG_CXX_LANGUAGE_STANDARD = "gnu++14";
				CLANG_CXX_LIBRARY = "libc++";
				CLANG_ENABLE_MODULES = YES;
				CLANG_ENABLE_OBJC_ARC = YES;
				CLANG_ENABLE_OBJC_WEAK = YES;
				CLANG_WARN_BLOCK_CAPTURE_AUTORELEASING = YES;
				CLANG_WARN_BOOL_CONVERSION = YES;
				CLANG_WARN_COMMA = YES;
				CLANG_WARN_CONSTANT_CONVERSION = YES;
				CLANG_WARN_DEPRECATED_OBJC_IMPLEMENTATIONS = YES;
				CLANG_WARN_DIRECT_OBJC_ISA_USAGE = YES_ERROR;
				CLANG_WARN_DOCUMENTATION_COMMENTS = YES;
				CLANG_WARN_EMPTY_BODY = YES;
				CLANG_WARN_ENUM_CONVERSION = YES;
				CLANG_WARN_INFINITE_RECURSION = YES;
				CLANG_WARN_INT_CONVERSION = YES;
				CLANG_WARN_NON_LITERAL_NULL_CONVERSION = YES;
				CLANG_WARN_OBJC_IMPLICIT_RETAIN_SELF = YES;
				CLANG_WARN_OBJC_LITERAL_CONVERSION = YES;
				CLANG_WARN_OBJC_ROOT_CLASS = YES_ERROR;
				CLANG_WARN_RANGE_LOOP_ANALYSIS = YES;
				CLANG_WARN_STRICT_PROTOTYPES = YES;
				CLANG_WARN_SUSPICIOUS_MOVE = YES;
				CLANG_WARN_UNGUARDED_AVAILABILITY = YES_AGGRESSIVE;
				CLANG_WARN_UNREACHABLE_CODE = YES;
				CLANG_WARN__DUPLICATE_METHOD_MATCH = YES;
				COPY_PHASE_STRIP = NO;
				DEBUG_INFORMATION_FORMAT = "dwarf-with-dsym";
				ENABLE_NS_ASSERTIONS = NO;
				ENABLE_STRICT_OBJC_MSGSEND = YES;
				GCC_C_LANGUAGE_STANDARD = gnu11;
				GCC_NO_COMMON_BLOCKS = YES;
				GCC_WARN_64_TO_32_BIT_CONVERSION = YES;
				GCC_WARN_ABOUT_RETURN_TYPE = YES_ERROR;
				GCC_WARN_UNDECLARED_SELECTOR = YES;
				GCC_WARN_UNINITIALIZED_AUTOS = YES_AGGRESSIVE;
				GCC_WARN_UNUSED_FUNCTION = YES;
				GCC_WARN_UNUSED_VARIABLE = YES;
				IPHONEOS_DEPLOYMENT_TARGET = 13.0;
				MTL_ENABLE_DEBUG_INFO = NO;
				MTL_FAST_MATH = YES;
				SDKROOT = iphoneos;
				SWIFT_COMPILATION_MODE = wholemodule;
				SWIFT_OPTIMIZATION_LEVEL = "-O";
				VALIDATE_PRODUCT = YES;
			};
			name = Release;
		};
		0674CB30237FD78C0001AD24 /* Debug */ = {
			isa = XCBuildConfiguration;
			baseConfigurationReference = 900D153054421555280BEB37 /* Pods-SOPT_5th.debug.xcconfig */;
			buildSettings = {
				ASSETCATALOG_COMPILER_APPICON_NAME = AppIcon;
				CODE_SIGN_STYLE = Automatic;
				DEVELOPMENT_TEAM = 7Z2CV7TB8R;
				INFOPLIST_FILE = SOPT_5th/Info.plist;
				LD_RUNPATH_SEARCH_PATHS = (
					"$(inherited)",
					"@executable_path/Frameworks",
				);
				PRODUCT_BUNDLE_IDENTIFIER = "ns.SOPT-5th";
				PRODUCT_NAME = "$(TARGET_NAME)";
				SWIFT_VERSION = 5.0;
				TARGETED_DEVICE_FAMILY = "1,2";
			};
			name = Debug;
		};
		0674CB31237FD78C0001AD24 /* Release */ = {
			isa = XCBuildConfiguration;
			baseConfigurationReference = D7481BF38FEDB8D107B0AE82 /* Pods-SOPT_5th.release.xcconfig */;
			buildSettings = {
				ASSETCATALOG_COMPILER_APPICON_NAME = AppIcon;
				CODE_SIGN_STYLE = Automatic;
				DEVELOPMENT_TEAM = 7Z2CV7TB8R;
				INFOPLIST_FILE = SOPT_5th/Info.plist;
				LD_RUNPATH_SEARCH_PATHS = (
					"$(inherited)",
					"@executable_path/Frameworks",
				);
				PRODUCT_BUNDLE_IDENTIFIER = "ns.SOPT-5th";
				PRODUCT_NAME = "$(TARGET_NAME)";
				SWIFT_VERSION = 5.0;
				TARGETED_DEVICE_FAMILY = "1,2";
			};
			name = Release;
		};
/* End XCBuildConfiguration section */

/* Begin XCConfigurationList section */
		0674CB16237FD7890001AD24 /* Build configuration list for PBXProject "SOPT_5th" */ = {
			isa = XCConfigurationList;
			buildConfigurations = (
				0674CB2D237FD78C0001AD24 /* Debug */,
				0674CB2E237FD78C0001AD24 /* Release */,
			);
			defaultConfigurationIsVisible = 0;
			defaultConfigurationName = Release;
		};
		0674CB2F237FD78C0001AD24 /* Build configuration list for PBXNativeTarget "SOPT_5th" */ = {
			isa = XCConfigurationList;
			buildConfigurations = (
				0674CB30237FD78C0001AD24 /* Debug */,
				0674CB31237FD78C0001AD24 /* Release */,
			);
			defaultConfigurationIsVisible = 0;
			defaultConfigurationName = Release;
		};
/* End XCConfigurationList section */
	};
	rootObject = 0674CB13237FD7890001AD24 /* Project object */;
}
