// !$*UTF8*$!
{
	archiveVersion = 1;
	classes = {
	};
	objectVersion = 50;
	objects = {

/* Begin PBXBuildFile section */
		0655313F239A6021005C6E19 /* AppDelegate.swift in Sources */ = {isa = PBXBuildFile; fileRef = 0655313E239A6021005C6E19 /* AppDelegate.swift */; };
		06553141239A6021005C6E19 /* SceneDelegate.swift in Sources */ = {isa = PBXBuildFile; fileRef = 06553140239A6021005C6E19 /* SceneDelegate.swift */; };
		06553143239A6021005C6E19 /* ViewController.swift in Sources */ = {isa = PBXBuildFile; fileRef = 06553142239A6021005C6E19 /* ViewController.swift */; };
		06553146239A6021005C6E19 /* Main.storyboard in Resources */ = {isa = PBXBuildFile; fileRef = 06553144239A6021005C6E19 /* Main.storyboard */; };
		06553148239A6023005C6E19 /* Assets.xcassets in Resources */ = {isa = PBXBuildFile; fileRef = 06553147239A6023005C6E19 /* Assets.xcassets */; };
		0655314B239A6023005C6E19 /* LaunchScreen.storyboard in Resources */ = {isa = PBXBuildFile; fileRef = 06553149239A6023005C6E19 /* LaunchScreen.storyboard */; };
		06553153239A64D1005C6E19 /* MusicTableViewCell.swift in Sources */ = {isa = PBXBuildFile; fileRef = 06553152239A64D1005C6E19 /* MusicTableViewCell.swift */; };
		06553155239A67B5005C6E19 /* Music.swift in Sources */ = {isa = PBXBuildFile; fileRef = 06553154239A67B5005C6E19 /* Music.swift */; };
		06553157239A6F7A005C6E19 /* MusicDetailVC.swift in Sources */ = {isa = PBXBuildFile; fileRef = 06553156239A6F7A005C6E19 /* MusicDetailVC.swift */; };
/* End PBXBuildFile section */

/* Begin PBXFileReference section */
		0655313B239A6021005C6E19 /* 7th_PracticeTableView.app */ = {isa = PBXFileReference; explicitFileType = wrapper.application; includeInIndex = 0; path = 7th_PracticeTableView.app; sourceTree = BUILT_PRODUCTS_DIR; };
		0655313E239A6021005C6E19 /* AppDelegate.swift */ = {isa = PBXFileReference; lastKnownFileType = sourcecode.swift; path = AppDelegate.swift; sourceTree = "<group>"; };
		06553140239A6021005C6E19 /* SceneDelegate.swift */ = {isa = PBXFileReference; lastKnownFileType = sourcecode.swift; path = SceneDelegate.swift; sourceTree = "<group>"; };
		06553142239A6021005C6E19 /* ViewController.swift */ = {isa = PBXFileReference; lastKnownFileType = sourcecode.swift; path = ViewController.swift; sourceTree = "<group>"; };
		06553145239A6021005C6E19 /* Base */ = {isa = PBXFileReference; lastKnownFileType = file.storyboard; name = Base; path = Base.lproj/Main.storyboard; sourceTree = "<group>"; };
		06553147239A6023005C6E19 /* Assets.xcassets */ = {isa = PBXFileReference; lastKnownFileType = folder.assetcatalog; path = Assets.xcassets; sourceTree = "<group>"; };
		0655314A239A6023005C6E19 /* Base */ = {isa = PBXFileReference; lastKnownFileType = file.storyboard; name = Base; path = Base.lproj/LaunchScreen.storyboard; sourceTree = "<group>"; };
		0655314C239A6023005C6E19 /* Info.plist */ = {isa = PBXFileReference; lastKnownFileType = text.plist.xml; path = Info.plist; sourceTree = "<group>"; };
		06553152239A64D1005C6E19 /* MusicTableViewCell.swift */ = {isa = PBXFileReference; lastKnownFileType = sourcecode.swift; path = MusicTableViewCell.swift; sourceTree = "<group>"; };
		06553154239A67B5005C6E19 /* Music.swift */ = {isa = PBXFileReference; lastKnownFileType = sourcecode.swift; path = Music.swift; sourceTree = "<group>"; };
		06553156239A6F7A005C6E19 /* MusicDetailVC.swift */ = {isa = PBXFileReference; lastKnownFileType = sourcecode.swift; path = MusicDetailVC.swift; sourceTree = "<group>"; };
/* End PBXFileReference section */

/* Begin PBXFrameworksBuildPhase section */
		06553138239A6021005C6E19 /* Frameworks */ = {
			isa = PBXFrameworksBuildPhase;
			buildActionMask = 2147483647;
			files = (
			);
			runOnlyForDeploymentPostprocessing = 0;
		};
/* End PBXFrameworksBuildPhase section */

/* Begin PBXGroup section */
		06553132239A6021005C6E19 = {
			isa = PBXGroup;
			children = (
				0655313D239A6021005C6E19 /* 7th_PracticeTableView */,
				0655313C239A6021005C6E19 /* Products */,
			);
			sourceTree = "<group>";
		};
		0655313C239A6021005C6E19 /* Products */ = {
			isa = PBXGroup;
			children = (
				0655313B239A6021005C6E19 /* 7th_PracticeTableView.app */,
			);
			name = Products;
			sourceTree = "<group>";
		};
		0655313D239A6021005C6E19 /* 7th_PracticeTableView */ = {
			isa = PBXGroup;
			children = (
				06553159239A7208005C6E19 /* ReSources */,
				06553158239A7201005C6E19 /* Sources */,
				0655314C239A6023005C6E19 /* Info.plist */,
			);
			path = 7th_PracticeTableView;
			sourceTree = "<group>";
		};
		06553158239A7201005C6E19 /* Sources */ = {
			isa = PBXGroup;
			children = (
				0655313E239A6021005C6E19 /* AppDelegate.swift */,
				06553140239A6021005C6E19 /* SceneDelegate.swift */,
				0655315C239A7225005C6E19 /* Model */,
				0655315B239A721B005C6E19 /* VC */,
				0655315A239A7216005C6E19 /* Cell */,
			);
			path = Sources;
			sourceTree = "<group>";
		};
		06553159239A7208005C6E19 /* ReSources */ = {
			isa = PBXGroup;
			children = (
				06553144239A6021005C6E19 /* Main.storyboard */,
				06553147239A6023005C6E19 /* Assets.xcassets */,
				06553149239A6023005C6E19 /* LaunchScreen.storyboard */,
			);
			path = ReSources;
			sourceTree = "<group>";
		};
		0655315A239A7216005C6E19 /* Cell */ = {
			isa = PBXGroup;
			children = (
				06553152239A64D1005C6E19 /* MusicTableViewCell.swift */,
			);
			path = Cell;
			sourceTree = "<group>";
		};
		0655315B239A721B005C6E19 /* VC */ = {
			isa = PBXGroup;
			children = (
				06553142239A6021005C6E19 /* ViewController.swift */,
				06553156239A6F7A005C6E19 /* MusicDetailVC.swift */,
			);
			path = VC;
			sourceTree = "<group>";
		};
		0655315C239A7225005C6E19 /* Model */ = {
			isa = PBXGroup;
			children = (
				06553154239A67B5005C6E19 /* Music.swift */,
			);
			path = Model;
			sourceTree = "<group>";
		};
/* End PBXGroup section */

/* Begin PBXNativeTarget section */
		0655313A239A6021005C6E19 /* 7th_PracticeTableView */ = {
			isa = PBXNativeTarget;
			buildConfigurationList = 0655314F239A6023005C6E19 /* Build configuration list for PBXNativeTarget "7th_PracticeTableView" */;
			buildPhases = (
				06553137239A6021005C6E19 /* Sources */,
				06553138239A6021005C6E19 /* Frameworks */,
				06553139239A6021005C6E19 /* Resources */,
			);
			buildRules = (
			);
			dependencies = (
			);
			name = 7th_PracticeTableView;
			productName = 7th_PracticeTableView;
			productReference = 0655313B239A6021005C6E19 /* 7th_PracticeTableView.app */;
			productType = "com.apple.product-type.application";
		};
/* End PBXNativeTarget section */

/* Begin PBXProject section */
		06553133239A6021005C6E19 /* Project object */ = {
			isa = PBXProject;
			attributes = {
				LastSwiftUpdateCheck = 1100;
				LastUpgradeCheck = 1100;
				ORGANIZATIONNAME = ns;
				TargetAttributes = {
					0655313A239A6021005C6E19 = {
						CreatedOnToolsVersion = 11.0;
					};
				};
			};
			buildConfigurationList = 06553136239A6021005C6E19 /* Build configuration list for PBXProject "7th_PracticeTableView" */;
			compatibilityVersion = "Xcode 9.3";
			developmentRegion = en;
			hasScannedForEncodings = 0;
			knownRegions = (
				en,
				Base,
			);
			mainGroup = 06553132239A6021005C6E19;
			productRefGroup = 0655313C239A6021005C6E19 /* Products */;
			projectDirPath = "";
			projectRoot = "";
			targets = (
				0655313A239A6021005C6E19 /* 7th_PracticeTableView */,
			);
		};
/* End PBXProject section */

/* Begin PBXResourcesBuildPhase section */
		06553139239A6021005C6E19 /* Resources */ = {
			isa = PBXResourcesBuildPhase;
			buildActionMask = 2147483647;
			files = (
				0655314B239A6023005C6E19 /* LaunchScreen.storyboard in Resources */,
				06553148239A6023005C6E19 /* Assets.xcassets in Resources */,
				06553146239A6021005C6E19 /* Main.storyboard in Resources */,
			);
			runOnlyForDeploymentPostprocessing = 0;
		};
/* End PBXResourcesBuildPhase section */

/* Begin PBXSourcesBuildPhase section */
		06553137239A6021005C6E19 /* Sources */ = {
			isa = PBXSourcesBuildPhase;
			buildActionMask = 2147483647;
			files = (
				06553143239A6021005C6E19 /* ViewController.swift in Sources */,
				06553157239A6F7A005C6E19 /* MusicDetailVC.swift in Sources */,
				0655313F239A6021005C6E19 /* AppDelegate.swift in Sources */,
				06553155239A67B5005C6E19 /* Music.swift in Sources */,
				06553141239A6021005C6E19 /* SceneDelegate.swift in Sources */,
				06553153239A64D1005C6E19 /* MusicTableViewCell.swift in Sources */,
			);
			runOnlyForDeploymentPostprocessing = 0;
		};
/* End PBXSourcesBuildPhase section */

/* Begin PBXVariantGroup section */
		06553144239A6021005C6E19 /* Main.storyboard */ = {
			isa = PBXVariantGroup;
			children = (
				06553145239A6021005C6E19 /* Base */,
			);
			name = Main.storyboard;
			sourceTree = "<group>";
		};
		06553149239A6023005C6E19 /* LaunchScreen.storyboard */ = {
			isa = PBXVariantGroup;
			children = (
				0655314A239A6023005C6E19 /* Base */,
			);
			name = LaunchScreen.storyboard;
			sourceTree = "<group>";
		};
/* End PBXVariantGroup section */

/* Begin XCBuildConfiguration section */
		0655314D239A6023005C6E19 /* Debug */ = {
			isa = XCBuildConfiguration;
			buildSettings = {
				ALWAYS_SEARCH_USER_PATHS = NO;
				CLANG_ANALYZER_NONNULL = YES;
				CLANG_ANALYZER_NUMBER_OBJECT_CONVERSION = YES_AGGRESSIVE;
				CLANG_CXX_LANGUAGE_STANDARD = "gnu++14";
				CLANG_CXX_LIBRARY = "libc++";
				CLANG_ENABLE_MODULES = YES;
				CLANG_ENABLE_OBJC_ARC = YES;
				CLANG_ENABLE_OBJC_WEAK = YES;
				CLANG_WARN_BLOCK_CAPTURE_AUTORELEASING = YES;
				CLANG_WARN_BOOL_CONVERSION = YES;
				CLANG_WARN_COMMA = YES;
				CLANG_WARN_CONSTANT_CONVERSION = YES;
				CLANG_WARN_DEPRECATED_OBJC_IMPLEMENTATIONS = YES;
				CLANG_WARN_DIRECT_OBJC_ISA_USAGE = YES_ERROR;
				CLANG_WARN_DOCUMENTATION_COMMENTS = YES;
				CLANG_WARN_EMPTY_BODY = YES;
				CLANG_WARN_ENUM_CONVERSION = YES;
				CLANG_WARN_INFINITE_RECURSION = YES;
				CLANG_WARN_INT_CONVERSION = YES;
				CLANG_WARN_NON_LITERAL_NULL_CONVERSION = YES;
				CLANG_WARN_OBJC_IMPLICIT_RETAIN_SELF = YES;
				CLANG_WARN_OBJC_LITERAL_CONVERSION = YES;
				CLANG_WARN_OBJC_ROOT_CLASS = YES_ERROR;
				CLANG_WARN_RANGE_LOOP_ANALYSIS = YES;
				CLANG_WARN_STRICT_PROTOTYPES = YES;
				CLANG_WARN_SUSPICIOUS_MOVE = YES;
				CLANG_WARN_UNGUARDED_AVAILABILITY = YES_AGGRESSIVE;
				CLANG_WARN_UNREACHABLE_CODE = YES;
				CLANG_WARN__DUPLICATE_METHOD_MATCH = YES;
				COPY_PHASE_STRIP = NO;
				DEBUG_INFORMATION_FORMAT = dwarf;
				ENABLE_STRICT_OBJC_MSGSEND = YES;
				ENABLE_TESTABILITY = YES;
				GCC_C_LANGUAGE_STANDARD = gnu11;
				GCC_DYNAMIC_NO_PIC = NO;
				GCC_NO_COMMON_BLOCKS = YES;
				GCC_OPTIMIZATION_LEVEL = 0;
				GCC_PREPROCESSOR_DEFINITIONS = (
					"DEBUG=1",
					"$(inherited)",
				);
				GCC_WARN_64_TO_32_BIT_CONVERSION = YES;
				GCC_WARN_ABOUT_RETURN_TYPE = YES_ERROR;
				GCC_WARN_UNDECLARED_SELECTOR = YES;
				GCC_WARN_UNINITIALIZED_AUTOS = YES_AGGRESSIVE;
				GCC_WARN_UNUSED_FUNCTION = YES;
				GCC_WARN_UNUSED_VARIABLE = YES;
				IPHONEOS_DEPLOYMENT_TARGET = 13.0;
				MTL_ENABLE_DEBUG_INFO = INCLUDE_SOURCE;
				MTL_FAST_MATH = YES;
				ONLY_ACTIVE_ARCH = YES;
				SDKROOT = iphoneos;
				SWIFT_ACTIVE_COMPILATION_CONDITIONS = DEBUG;
				SWIFT_OPTIMIZATION_LEVEL = "-Onone";
			};
			name = Debug;
		};
		0655314E239A6023005C6E19 /* Release */ = {
			isa = XCBuildConfiguration;
			buildSettings = {
				ALWAYS_SEARCH_USER_PATHS = NO;
				CLANG_ANALYZER_NONNULL = YES;
				CLANG_ANALYZER_NUMBER_OBJECT_CONVERSION = YES_AGGRESSIVE;
				CLANG_CXX_LANGUAGE_STANDARD = "gnu++14";
				CLANG_CXX_LIBRARY = "libc++";
				CLANG_ENABLE_MODULES = YES;
				CLANG_ENABLE_OBJC_ARC = YES;
				CLANG_ENABLE_OBJC_WEAK = YES;
				CLANG_WARN_BLOCK_CAPTURE_AUTORELEASING = YES;
				CLANG_WARN_BOOL_CONVERSION = YES;
				CLANG_WARN_COMMA = YES;
				CLANG_WARN_CONSTANT_CONVERSION = YES;
				CLANG_WARN_DEPRECATED_OBJC_IMPLEMENTATIONS = YES;
				CLANG_WARN_DIRECT_OBJC_ISA_USAGE = YES_ERROR;
				CLANG_WARN_DOCUMENTATION_COMMENTS = YES;
				CLANG_WARN_EMPTY_BODY = YES;
				CLANG_WARN_ENUM_CONVERSION = YES;
				CLANG_WARN_INFINITE_RECURSION = YES;
				CLANG_WARN_INT_CONVERSION = YES;
				CLANG_WARN_NON_LITERAL_NULL_CONVERSION = YES;
				CLANG_WARN_OBJC_IMPLICIT_RETAIN_SELF = YES;
				CLANG_WARN_OBJC_LITERAL_CONVERSION = YES;
				CLANG_WARN_OBJC_ROOT_CLASS = YES_ERROR;
				CLANG_WARN_RANGE_LOOP_ANALYSIS = YES;
				CLANG_WARN_STRICT_PROTOTYPES = YES;
				CLANG_WARN_SUSPICIOUS_MOVE = YES;
				CLANG_WARN_UNGUARDED_AVAILABILITY = YES_AGGRESSIVE;
				CLANG_WARN_UNREACHABLE_CODE = YES;
				CLANG_WARN__DUPLICATE_METHOD_MATCH = YES;
				COPY_PHASE_STRIP = NO;
				DEBUG_INFORMATION_FORMAT = "dwarf-with-dsym";
				ENABLE_NS_ASSERTIONS = NO;
				ENABLE_STRICT_OBJC_MSGSEND = YES;
				GCC_C_LANGUAGE_STANDARD = gnu11;
				GCC_NO_COMMON_BLOCKS = YES;
				GCC_WARN_64_TO_32_BIT_CONVERSION = YES;
				GCC_WARN_ABOUT_RETURN_TYPE = YES_ERROR;
				GCC_WARN_UNDECLARED_SELECTOR = YES;
				GCC_WARN_UNINITIALIZED_AUTOS = YES_AGGRESSIVE;
				GCC_WARN_UNUSED_FUNCTION = YES;
				GCC_WARN_UNUSED_VARIABLE = YES;
				IPHONEOS_DEPLOYMENT_TARGET = 13.0;
				MTL_ENABLE_DEBUG_INFO = NO;
				MTL_FAST_MATH = YES;
				SDKROOT = iphoneos;
				SWIFT_COMPILATION_MODE = wholemodule;
				SWIFT_OPTIMIZATION_LEVEL = "-O";
				VALIDATE_PRODUCT = YES;
			};
			name = Release;
		};
		06553150239A6023005C6E19 /* Debug */ = {
			isa = XCBuildConfiguration;
			buildSettings = {
				ASSETCATALOG_COMPILER_APPICON_NAME = AppIcon;
				CODE_SIGN_STYLE = Automatic;
				DEVELOPMENT_TEAM = 7Z2CV7TB8R;
				INFOPLIST_FILE = 7th_PracticeTableView/Info.plist;
				LD_RUNPATH_SEARCH_PATHS = (
					"$(inherited)",
					"@executable_path/Frameworks",
				);
				PRODUCT_BUNDLE_IDENTIFIER = "ns.-th-PracticeTableView";
				PRODUCT_NAME = "$(TARGET_NAME)";
				SWIFT_VERSION = 5.0;
				TARGETED_DEVICE_FAMILY = "1,2";
			};
			name = Debug;
		};
		06553151239A6023005C6E19 /* Release */ = {
			isa = XCBuildConfiguration;
			buildSettings = {
				ASSETCATALOG_COMPILER_APPICON_NAME = AppIcon;
				CODE_SIGN_STYLE = Automatic;
				DEVELOPMENT_TEAM = 7Z2CV7TB8R;
				INFOPLIST_FILE = 7th_PracticeTableView/Info.plist;
				LD_RUNPATH_SEARCH_PATHS = (
					"$(inherited)",
					"@executable_path/Frameworks",
				);
				PRODUCT_BUNDLE_IDENTIFIER = "ns.-th-PracticeTableView";
				PRODUCT_NAME = "$(TARGET_NAME)";
				SWIFT_VERSION = 5.0;
				TARGETED_DEVICE_FAMILY = "1,2";
			};
			name = Release;
		};
/* End XCBuildConfiguration section */

/* Begin XCConfigurationList section */
		06553136239A6021005C6E19 /* Build configuration list for PBXProject "7th_PracticeTableView" */ = {
			isa = XCConfigurationList;
			buildConfigurations = (
				0655314D239A6023005C6E19 /* Debug */,
				0655314E239A6023005C6E19 /* Release */,
			);
			defaultConfigurationIsVisible = 0;
			defaultConfigurationName = Release;
		};
		0655314F239A6023005C6E19 /* Build configuration list for PBXNativeTarget "7th_PracticeTableView" */ = {
			isa = XCConfigurationList;
			buildConfigurations = (
				06553150239A6023005C6E19 /* Debug */,
				06553151239A6023005C6E19 /* Release */,
			);
			defaultConfigurationIsVisible = 0;
			defaultConfigurationName = Release;
		};
/* End XCConfigurationList section */
	};
	rootObject = 06553133239A6021005C6E19 /* Project object */;
}
