// !$*UTF8*$!
{
	archiveVersion = 1;
	classes = {
	};
	objectVersion = 50;
	objects = {

/* Begin PBXBuildFile section */
		066BB3A72345F54000323ED8 /* AppDelegate.swift in Sources */ = {isa = PBXBuildFile; fileRef = 066BB3A62345F54000323ED8 /* AppDelegate.swift */; };
		066BB3A92345F54000323ED8 /* SceneDelegate.swift in Sources */ = {isa = PBXBuildFile; fileRef = 066BB3A82345F54000323ED8 /* SceneDelegate.swift */; };
		066BB3AB2345F54000323ED8 /* ViewController.swift in Sources */ = {isa = PBXBuildFile; fileRef = 066BB3AA2345F54000323ED8 /* ViewController.swift */; };
		066BB3AE2345F54000323ED8 /* Main.storyboard in Resources */ = {isa = PBXBuildFile; fileRef = 066BB3AC2345F54000323ED8 /* Main.storyboard */; };
		066BB3B02345F54100323ED8 /* Assets.xcassets in Resources */ = {isa = PBXBuildFile; fileRef = 066BB3AF2345F54100323ED8 /* Assets.xcassets */; };
		066BB3B32345F54100323ED8 /* LaunchScreen.storyboard in Resources */ = {isa = PBXBuildFile; fileRef = 066BB3B12345F54100323ED8 /* LaunchScreen.storyboard */; };
		066BB3C02345FA6D00323ED8 /* CandleViewController.swift in Sources */ = {isa = PBXBuildFile; fileRef = 066BB3BF2345FA6D00323ED8 /* CandleViewController.swift */; };
		066BB3C22346028F00323ED8 /* ThirdViewController.swift in Sources */ = {isa = PBXBuildFile; fileRef = 066BB3C12346028F00323ED8 /* ThirdViewController.swift */; };
		066BB3C62346097100323ED8 /* FourthViewController.swift in Sources */ = {isa = PBXBuildFile; fileRef = 066BB3C52346097100323ED8 /* FourthViewController.swift */; };
		066BB3C8234609D600323ED8 /* FourthNextViewController.swift in Sources */ = {isa = PBXBuildFile; fileRef = 066BB3C7234609D600323ED8 /* FourthNextViewController.swift */; };
		066BB3CA2346114B00323ED8 /* ViewController5.swift in Sources */ = {isa = PBXBuildFile; fileRef = 066BB3C92346114B00323ED8 /* ViewController5.swift */; };
/* End PBXBuildFile section */

/* Begin PBXFileReference section */
		066BB3A32345F54000323ED8 /* SOPT_2thSeminar.app */ = {isa = PBXFileReference; explicitFileType = wrapper.application; includeInIndex = 0; path = SOPT_2thSeminar.app; sourceTree = BUILT_PRODUCTS_DIR; };
		066BB3A62345F54000323ED8 /* AppDelegate.swift */ = {isa = PBXFileReference; lastKnownFileType = sourcecode.swift; path = AppDelegate.swift; sourceTree = "<group>"; };
		066BB3A82345F54000323ED8 /* SceneDelegate.swift */ = {isa = PBXFileReference; lastKnownFileType = sourcecode.swift; path = SceneDelegate.swift; sourceTree = "<group>"; };
		066BB3AA2345F54000323ED8 /* ViewController.swift */ = {isa = PBXFileReference; lastKnownFileType = sourcecode.swift; path = ViewController.swift; sourceTree = "<group>"; };
		066BB3AD2345F54000323ED8 /* Base */ = {isa = PBXFileReference; lastKnownFileType = file.storyboard; name = Base; path = Base.lproj/Main.storyboard; sourceTree = "<group>"; };
		066BB3AF2345F54100323ED8 /* Assets.xcassets */ = {isa = PBXFileReference; lastKnownFileType = folder.assetcatalog; path = Assets.xcassets; sourceTree = "<group>"; };
		066BB3B22345F54100323ED8 /* Base */ = {isa = PBXFileReference; lastKnownFileType = file.storyboard; name = Base; path = Base.lproj/LaunchScreen.storyboard; sourceTree = "<group>"; };
		066BB3B42345F54100323ED8 /* Info.plist */ = {isa = PBXFileReference; lastKnownFileType = text.plist.xml; path = Info.plist; sourceTree = "<group>"; };
		066BB3BF2345FA6D00323ED8 /* CandleViewController.swift */ = {isa = PBXFileReference; lastKnownFileType = sourcecode.swift; path = CandleViewController.swift; sourceTree = "<group>"; };
		066BB3C12346028F00323ED8 /* ThirdViewController.swift */ = {isa = PBXFileReference; lastKnownFileType = sourcecode.swift; path = ThirdViewController.swift; sourceTree = "<group>"; };
		066BB3C52346097100323ED8 /* FourthViewController.swift */ = {isa = PBXFileReference; lastKnownFileType = sourcecode.swift; path = FourthViewController.swift; sourceTree = "<group>"; };
		066BB3C7234609D600323ED8 /* FourthNextViewController.swift */ = {isa = PBXFileReference; lastKnownFileType = sourcecode.swift; path = FourthNextViewController.swift; sourceTree = "<group>"; };
		066BB3C92346114B00323ED8 /* ViewController5.swift */ = {isa = PBXFileReference; lastKnownFileType = sourcecode.swift; path = ViewController5.swift; sourceTree = "<group>"; };
/* End PBXFileReference section */

/* Begin PBXFrameworksBuildPhase section */
		066BB3A02345F54000323ED8 /* Frameworks */ = {
			isa = PBXFrameworksBuildPhase;
			buildActionMask = 2147483647;
			files = (
			);
			runOnlyForDeploymentPostprocessing = 0;
		};
/* End PBXFrameworksBuildPhase section */

/* Begin PBXGroup section */
		066BB39A2345F53F00323ED8 = {
			isa = PBXGroup;
			children = (
				066BB3A52345F54000323ED8 /* SOPT_2thSeminar */,
				066BB3A42345F54000323ED8 /* Products */,
			);
			sourceTree = "<group>";
		};
		066BB3A42345F54000323ED8 /* Products */ = {
			isa = PBXGroup;
			children = (
				066BB3A32345F54000323ED8 /* SOPT_2thSeminar.app */,
			);
			name = Products;
			sourceTree = "<group>";
		};
		066BB3A52345F54000323ED8 /* SOPT_2thSeminar */ = {
			isa = PBXGroup;
			children = (
				066BB3BD2345F8FF00323ED8 /* Resources */,
				066BB3BC2345F8F900323ED8 /* Sources */,
				066BB3B42345F54100323ED8 /* Info.plist */,
			);
			path = SOPT_2thSeminar;
			sourceTree = "<group>";
		};
		066BB3BC2345F8F900323ED8 /* Sources */ = {
			isa = PBXGroup;
			children = (
				066BB3BE2345F91400323ED8 /* ViewController */,
				066BB3A62345F54000323ED8 /* AppDelegate.swift */,
				066BB3A82345F54000323ED8 /* SceneDelegate.swift */,
			);
			path = Sources;
			sourceTree = "<group>";
		};
		066BB3BD2345F8FF00323ED8 /* Resources */ = {
			isa = PBXGroup;
			children = (
				066BB3AC2345F54000323ED8 /* Main.storyboard */,
				066BB3AF2345F54100323ED8 /* Assets.xcassets */,
				066BB3B12345F54100323ED8 /* LaunchScreen.storyboard */,
			);
			path = Resources;
			sourceTree = "<group>";
		};
		066BB3BE2345F91400323ED8 /* ViewController */ = {
			isa = PBXGroup;
			children = (
				066BB3C92346114B00323ED8 /* ViewController5.swift */,
				066BB3AA2345F54000323ED8 /* ViewController.swift */,
				066BB3C12346028F00323ED8 /* ThirdViewController.swift */,
				066BB3BF2345FA6D00323ED8 /* CandleViewController.swift */,
				066BB3C52346097100323ED8 /* FourthViewController.swift */,
				066BB3C7234609D600323ED8 /* FourthNextViewController.swift */,
			);
			path = ViewController;
			sourceTree = "<group>";
		};
/* End PBXGroup section */

/* Begin PBXNativeTarget section */
		066BB3A22345F54000323ED8 /* SOPT_2thSeminar */ = {
			isa = PBXNativeTarget;
			buildConfigurationList = 066BB3B72345F54100323ED8 /* Build configuration list for PBXNativeTarget "SOPT_2thSeminar" */;
			buildPhases = (
				066BB39F2345F54000323ED8 /* Sources */,
				066BB3A02345F54000323ED8 /* Frameworks */,
				066BB3A12345F54000323ED8 /* Resources */,
			);
			buildRules = (
			);
			dependencies = (
			);
			name = SOPT_2thSeminar;
			productName = SOPT_2thSeminar;
			productReference = 066BB3A32345F54000323ED8 /* SOPT_2thSeminar.app */;
			productType = "com.apple.product-type.application";
		};
/* End PBXNativeTarget section */

/* Begin PBXProject section */
		066BB39B2345F53F00323ED8 /* Project object */ = {
			isa = PBXProject;
			attributes = {
				LastSwiftUpdateCheck = 1100;
				LastUpgradeCheck = 1100;
				ORGANIZATIONNAME = ns;
				TargetAttributes = {
					066BB3A22345F54000323ED8 = {
						CreatedOnToolsVersion = 11.0;
					};
				};
			};
			buildConfigurationList = 066BB39E2345F54000323ED8 /* Build configuration list for PBXProject "SOPT_2thSeminar" */;
			compatibilityVersion = "Xcode 9.3";
			developmentRegion = en;
			hasScannedForEncodings = 0;
			knownRegions = (
				en,
				Base,
			);
			mainGroup = 066BB39A2345F53F00323ED8;
			productRefGroup = 066BB3A42345F54000323ED8 /* Products */;
			projectDirPath = "";
			projectRoot = "";
			targets = (
				066BB3A22345F54000323ED8 /* SOPT_2thSeminar */,
			);
		};
/* End PBXProject section */

/* Begin PBXResourcesBuildPhase section */
		066BB3A12345F54000323ED8 /* Resources */ = {
			isa = PBXResourcesBuildPhase;
			buildActionMask = 2147483647;
			files = (
				066BB3B32345F54100323ED8 /* LaunchScreen.storyboard in Resources */,
				066BB3B02345F54100323ED8 /* Assets.xcassets in Resources */,
				066BB3AE2345F54000323ED8 /* Main.storyboard in Resources */,
			);
			runOnlyForDeploymentPostprocessing = 0;
		};
/* End PBXResourcesBuildPhase section */

/* Begin PBXSourcesBuildPhase section */
		066BB39F2345F54000323ED8 /* Sources */ = {
			isa = PBXSourcesBuildPhase;
			buildActionMask = 2147483647;
			files = (
				066BB3C62346097100323ED8 /* FourthViewController.swift in Sources */,
				066BB3AB2345F54000323ED8 /* ViewController.swift in Sources */,
				066BB3A72345F54000323ED8 /* AppDelegate.swift in Sources */,
				066BB3C8234609D600323ED8 /* FourthNextViewController.swift in Sources */,
				066BB3CA2346114B00323ED8 /* ViewController5.swift in Sources */,
				066BB3C22346028F00323ED8 /* ThirdViewController.swift in Sources */,
				066BB3A92345F54000323ED8 /* SceneDelegate.swift in Sources */,
				066BB3C02345FA6D00323ED8 /* CandleViewController.swift in Sources */,
			);
			runOnlyForDeploymentPostprocessing = 0;
		};
/* End PBXSourcesBuildPhase section */

/* Begin PBXVariantGroup section */
		066BB3AC2345F54000323ED8 /* Main.storyboard */ = {
			isa = PBXVariantGroup;
			children = (
				066BB3AD2345F54000323ED8 /* Base */,
			);
			name = Main.storyboard;
			sourceTree = "<group>";
		};
		066BB3B12345F54100323ED8 /* LaunchScreen.storyboard */ = {
			isa = PBXVariantGroup;
			children = (
				066BB3B22345F54100323ED8 /* Base */,
			);
			name = LaunchScreen.storyboard;
			sourceTree = "<group>";
		};
/* End PBXVariantGroup section */

/* Begin XCBuildConfiguration section */
		066BB3B52345F54100323ED8 /* Debug */ = {
			isa = XCBuildConfiguration;
			buildSettings = {
				ALWAYS_SEARCH_USER_PATHS = NO;
				CLANG_ANALYZER_NONNULL = YES;
				CLANG_ANALYZER_NUMBER_OBJECT_CONVERSION = YES_AGGRESSIVE;
				CLANG_CXX_LANGUAGE_STANDARD = "gnu++14";
				CLANG_CXX_LIBRARY = "libc++";
				CLANG_ENABLE_MODULES = YES;
				CLANG_ENABLE_OBJC_ARC = YES;
				CLANG_ENABLE_OBJC_WEAK = YES;
				CLANG_WARN_BLOCK_CAPTURE_AUTORELEASING = YES;
				CLANG_WARN_BOOL_CONVERSION = YES;
				CLANG_WARN_COMMA = YES;
				CLANG_WARN_CONSTANT_CONVERSION = YES;
				CLANG_WARN_DEPRECATED_OBJC_IMPLEMENTATIONS = YES;
				CLANG_WARN_DIRECT_OBJC_ISA_USAGE = YES_ERROR;
				CLANG_WARN_DOCUMENTATION_COMMENTS = YES;
				CLANG_WARN_EMPTY_BODY = YES;
				CLANG_WARN_ENUM_CONVERSION = YES;
				CLANG_WARN_INFINITE_RECURSION = YES;
				CLANG_WARN_INT_CONVERSION = YES;
				CLANG_WARN_NON_LITERAL_NULL_CONVERSION = YES;
				CLANG_WARN_OBJC_IMPLICIT_RETAIN_SELF = YES;
				CLANG_WARN_OBJC_LITERAL_CONVERSION = YES;
				CLANG_WARN_OBJC_ROOT_CLASS = YES_ERROR;
				CLANG_WARN_RANGE_LOOP_ANALYSIS = YES;
				CLANG_WARN_STRICT_PROTOTYPES = YES;
				CLANG_WARN_SUSPICIOUS_MOVE = YES;
				CLANG_WARN_UNGUARDED_AVAILABILITY = YES_AGGRESSIVE;
				CLANG_WARN_UNREACHABLE_CODE = YES;
				CLANG_WARN__DUPLICATE_METHOD_MATCH = YES;
				COPY_PHASE_STRIP = NO;
				DEBUG_INFORMATION_FORMAT = dwarf;
				ENABLE_STRICT_OBJC_MSGSEND = YES;
				ENABLE_TESTABILITY = YES;
				GCC_C_LANGUAGE_STANDARD = gnu11;
				GCC_DYNAMIC_NO_PIC = NO;
				GCC_NO_COMMON_BLOCKS = YES;
				GCC_OPTIMIZATION_LEVEL = 0;
				GCC_PREPROCESSOR_DEFINITIONS = (
					"DEBUG=1",
					"$(inherited)",
				);
				GCC_WARN_64_TO_32_BIT_CONVERSION = YES;
				GCC_WARN_ABOUT_RETURN_TYPE = YES_ERROR;
				GCC_WARN_UNDECLARED_SELECTOR = YES;
				GCC_WARN_UNINITIALIZED_AUTOS = YES_AGGRESSIVE;
				GCC_WARN_UNUSED_FUNCTION = YES;
				GCC_WARN_UNUSED_VARIABLE = YES;
				IPHONEOS_DEPLOYMENT_TARGET = 13.0;
				MTL_ENABLE_DEBUG_INFO = INCLUDE_SOURCE;
				MTL_FAST_MATH = YES;
				ONLY_ACTIVE_ARCH = YES;
				SDKROOT = iphoneos;
				SWIFT_ACTIVE_COMPILATION_CONDITIONS = DEBUG;
				SWIFT_OPTIMIZATION_LEVEL = "-Onone";
			};
			name = Debug;
		};
		066BB3B62345F54100323ED8 /* Release */ = {
			isa = XCBuildConfiguration;
			buildSettings = {
				ALWAYS_SEARCH_USER_PATHS = NO;
				CLANG_ANALYZER_NONNULL = YES;
				CLANG_ANALYZER_NUMBER_OBJECT_CONVERSION = YES_AGGRESSIVE;
				CLANG_CXX_LANGUAGE_STANDARD = "gnu++14";
				CLANG_CXX_LIBRARY = "libc++";
				CLANG_ENABLE_MODULES = YES;
				CLANG_ENABLE_OBJC_ARC = YES;
				CLANG_ENABLE_OBJC_WEAK = YES;
				CLANG_WARN_BLOCK_CAPTURE_AUTORELEASING = YES;
				CLANG_WARN_BOOL_CONVERSION = YES;
				CLANG_WARN_COMMA = YES;
				CLANG_WARN_CONSTANT_CONVERSION = YES;
				CLANG_WARN_DEPRECATED_OBJC_IMPLEMENTATIONS = YES;
				CLANG_WARN_DIRECT_OBJC_ISA_USAGE = YES_ERROR;
				CLANG_WARN_DOCUMENTATION_COMMENTS = YES;
				CLANG_WARN_EMPTY_BODY = YES;
				CLANG_WARN_ENUM_CONVERSION = YES;
				CLANG_WARN_INFINITE_RECURSION = YES;
				CLANG_WARN_INT_CONVERSION = YES;
				CLANG_WARN_NON_LITERAL_NULL_CONVERSION = YES;
				CLANG_WARN_OBJC_IMPLICIT_RETAIN_SELF = YES;
				CLANG_WARN_OBJC_LITERAL_CONVERSION = YES;
				CLANG_WARN_OBJC_ROOT_CLASS = YES_ERROR;
				CLANG_WARN_RANGE_LOOP_ANALYSIS = YES;
				CLANG_WARN_STRICT_PROTOTYPES = YES;
				CLANG_WARN_SUSPICIOUS_MOVE = YES;
				CLANG_WARN_UNGUARDED_AVAILABILITY = YES_AGGRESSIVE;
				CLANG_WARN_UNREACHABLE_CODE = YES;
				CLANG_WARN__DUPLICATE_METHOD_MATCH = YES;
				COPY_PHASE_STRIP = NO;
				DEBUG_INFORMATION_FORMAT = "dwarf-with-dsym";
				ENABLE_NS_ASSERTIONS = NO;
				ENABLE_STRICT_OBJC_MSGSEND = YES;
				GCC_C_LANGUAGE_STANDARD = gnu11;
				GCC_NO_COMMON_BLOCKS = YES;
				GCC_WARN_64_TO_32_BIT_CONVERSION = YES;
				GCC_WARN_ABOUT_RETURN_TYPE = YES_ERROR;
				GCC_WARN_UNDECLARED_SELECTOR = YES;
				GCC_WARN_UNINITIALIZED_AUTOS = YES_AGGRESSIVE;
				GCC_WARN_UNUSED_FUNCTION = YES;
				GCC_WARN_UNUSED_VARIABLE = YES;
				IPHONEOS_DEPLOYMENT_TARGET = 13.0;
				MTL_ENABLE_DEBUG_INFO = NO;
				MTL_FAST_MATH = YES;
				SDKROOT = iphoneos;
				SWIFT_COMPILATION_MODE = wholemodule;
				SWIFT_OPTIMIZATION_LEVEL = "-O";
				VALIDATE_PRODUCT = YES;
			};
			name = Release;
		};
		066BB3B82345F54100323ED8 /* Debug */ = {
			isa = XCBuildConfiguration;
			buildSettings = {
				ASSETCATALOG_COMPILER_APPICON_NAME = AppIcon;
				CODE_SIGN_STYLE = Automatic;
				DEVELOPMENT_TEAM = 7Z2CV7TB8R;
				INFOPLIST_FILE = SOPT_2thSeminar/Info.plist;
				LD_RUNPATH_SEARCH_PATHS = (
					"$(inherited)",
					"@executable_path/Frameworks",
				);
				PRODUCT_BUNDLE_IDENTIFIER = "ns.SOPT-2thSeminar";
				PRODUCT_NAME = "$(TARGET_NAME)";
				SWIFT_VERSION = 5.0;
				TARGETED_DEVICE_FAMILY = "1,2";
			};
			name = Debug;
		};
		066BB3B92345F54100323ED8 /* Release */ = {
			isa = XCBuildConfiguration;
			buildSettings = {
				ASSETCATALOG_COMPILER_APPICON_NAME = AppIcon;
				CODE_SIGN_STYLE = Automatic;
				DEVELOPMENT_TEAM = 7Z2CV7TB8R;
				INFOPLIST_FILE = SOPT_2thSeminar/Info.plist;
				LD_RUNPATH_SEARCH_PATHS = (
					"$(inherited)",
					"@executable_path/Frameworks",
				);
				PRODUCT_BUNDLE_IDENTIFIER = "ns.SOPT-2thSeminar";
				PRODUCT_NAME = "$(TARGET_NAME)";
				SWIFT_VERSION = 5.0;
				TARGETED_DEVICE_FAMILY = "1,2";
			};
			name = Release;
		};
/* End XCBuildConfiguration section */

/* Begin XCConfigurationList section */
		066BB39E2345F54000323ED8 /* Build configuration list for PBXProject "SOPT_2thSeminar" */ = {
			isa = XCConfigurationList;
			buildConfigurations = (
				066BB3B52345F54100323ED8 /* Debug */,
				066BB3B62345F54100323ED8 /* Release */,
			);
			defaultConfigurationIsVisible = 0;
			defaultConfigurationName = Release;
		};
		066BB3B72345F54100323ED8 /* Build configuration list for PBXNativeTarget "SOPT_2thSeminar" */ = {
			isa = XCConfigurationList;
			buildConfigurations = (
				066BB3B82345F54100323ED8 /* Debug */,
				066BB3B92345F54100323ED8 /* Release */,
			);
			defaultConfigurationIsVisible = 0;
			defaultConfigurationName = Release;
		};
/* End XCConfigurationList section */
	};
	rootObject = 066BB39B2345F53F00323ED8 /* Project object */;
}
